
Microsoft Visual Studio Solution File, Format Version 12.00
# Visual Studio Version 16
VisualStudioVersion = 16.0.29519.181
MinimumVisualStudioVersion = 10.0.40219.1
Project("{FAE04EC0-301F-11D3-BF4B-00C04F79EFBC}") = "Interfaces", "Interfaces\Interfaces.csproj", "{C71C2E5B-45BB-41EE-9EBF-774C9D4EA57C}"
EndProject
Global
	GlobalSection(SolutionConfigurationPlatforms) = preSolution
		Debug|Any CPU = Debug|Any CPU
		Release|Any CPU = Release|Any CPU
	EndGlobalSection
	GlobalSection(ProjectConfigurationPlatforms) = postSolution
		{C71C2E5B-45BB-41EE-9EBF-774C9D4EA57C}.Debug|Any CPU.ActiveCfg = Debug|Any CPU
		{C71C2E5B-45BB-41EE-9EBF-774C9D4EA57C}.Debug|Any CPU.Build.0 = Debug|Any CPU
		{C71C2E5B-45BB-41EE-9EBF-774C9D4EA57C}.Release|Any CPU.ActiveCfg = Release|Any CPU
		{C71C2E5B-45BB-41EE-9EBF-774C9D4EA57C}.Release|Any CPU.Build.0 = Release|Any CPU
	EndGlobalSection
	GlobalSection(SolutionProperties) = preSolution
		HideSolutionNode = FALSE
	EndGlobalSection
	GlobalSection(ExtensibilityGlobals) = postSolution
		SolutionGuid = {6027F3C0-292A-4542-AC2A-7813E0964D06}
	EndGlobalSection
EndGlobal
